// !$*UTF8*$!
{
	archiveVersion = 1;
	classes = {
	};
	objectVersion = 51;
	objects = {

/* Begin PBXBuildFile section */
		2E392185251DE2BE00E79316 /* AppDelegate.swift in Sources */ = {isa = PBXBuildFile; fileRef = 2E392184251DE2BE00E79316 /* AppDelegate.swift */; };
		2E392187251DE2BE00E79316 /* SceneDelegate.swift in Sources */ = {isa = PBXBuildFile; fileRef = 2E392186251DE2BE00E79316 /* SceneDelegate.swift */; };
		2E392189251DE2BE00E79316 /* ViewController.swift in Sources */ = {isa = PBXBuildFile; fileRef = 2E392188251DE2BE00E79316 /* ViewController.swift */; };
		2E39218C251DE2BE00E79316 /* Main.storyboard in Resources */ = {isa = PBXBuildFile; fileRef = 2E39218A251DE2BE00E79316 /* Main.storyboard */; };
		2E39218E251DE2C100E79316 /* Assets.xcassets in Resources */ = {isa = PBXBuildFile; fileRef = 2E39218D251DE2C100E79316 /* Assets.xcassets */; };
		2E392191251DE2C100E79316 /* LaunchScreen.storyboard in Resources */ = {isa = PBXBuildFile; fileRef = 2E39218F251DE2C100E79316 /* LaunchScreen.storyboard */; };
		2E392199251DE2CD00E79316 /* LottieLoader.swift in Sources */ = {isa = PBXBuildFile; fileRef = 2E392198251DE2CD00E79316 /* LottieLoader.swift */; };
		2E39219B251DE2EA00E79316 /* beer_shake.json in Resources */ = {isa = PBXBuildFile; fileRef = 2E39219A251DE2EA00E79316 /* beer_shake.json */; };
		8ECED8C6C07359F7545F4654 /* Pods_Lottie_Loader.framework in Frameworks */ = {isa = PBXBuildFile; fileRef = 4C692BE0DC45B063CDA1C6AB /* Pods_Lottie_Loader.framework */; };
/* End PBXBuildFile section */

/* Begin PBXFileReference section */
		2E392181251DE2BE00E79316 /* Lottie_Loader.app */ = {isa = PBXFileReference; explicitFileType = wrapper.application; includeInIndex = 0; path = Lottie_Loader.app; sourceTree = BUILT_PRODUCTS_DIR; };
		2E392184251DE2BE00E79316 /* AppDelegate.swift */ = {isa = PBXFileReference; lastKnownFileType = sourcecode.swift; path = AppDelegate.swift; sourceTree = "<group>"; };
		2E392186251DE2BE00E79316 /* SceneDelegate.swift */ = {isa = PBXFileReference; lastKnownFileType = sourcecode.swift; path = SceneDelegate.swift; sourceTree = "<group>"; };
		2E392188251DE2BE00E79316 /* ViewController.swift */ = {isa = PBXFileReference; lastKnownFileType = sourcecode.swift; path = ViewController.swift; sourceTree = "<group>"; };
		2E39218B251DE2BE00E79316 /* Base */ = {isa = PBXFileReference; lastKnownFileType = file.storyboard; name = Base; path = Base.lproj/Main.storyboard; sourceTree = "<group>"; };
		2E39218D251DE2C100E79316 /* Assets.xcassets */ = {isa = PBXFileReference; lastKnownFileType = folder.assetcatalog; path = Assets.xcassets; sourceTree = "<group>"; };
		2E392190251DE2C100E79316 /* Base */ = {isa = PBXFileReference; lastKnownFileType = file.storyboard; name = Base; path = Base.lproj/LaunchScreen.storyboard; sourceTree = "<group>"; };
		2E392192251DE2C100E79316 /* Info.plist */ = {isa = PBXFileReference; lastKnownFileType = text.plist.xml; path = Info.plist; sourceTree = "<group>"; };
		2E392198251DE2CD00E79316 /* LottieLoader.swift */ = {isa = PBXFileReference; lastKnownFileType = sourcecode.swift; path = LottieLoader.swift; sourceTree = "<group>"; };
		2E39219A251DE2EA00E79316 /* beer_shake.json */ = {isa = PBXFileReference; fileEncoding = 4; lastKnownFileType = text.json; path = beer_shake.json; sourceTree = "<group>"; };
		4C692BE0DC45B063CDA1C6AB /* Pods_Lottie_Loader.framework */ = {isa = PBXFileReference; explicitFileType = wrapper.framework; includeInIndex = 0; path = Pods_Lottie_Loader.framework; sourceTree = BUILT_PRODUCTS_DIR; };
		936FEA0BC00FAA7A85AAE10C /* Pods-Lottie_Loader.release.xcconfig */ = {isa = PBXFileReference; includeInIndex = 1; lastKnownFileType = text.xcconfig; name = "Pods-Lottie_Loader.release.xcconfig"; path = "Target Support Files/Pods-Lottie_Loader/Pods-Lottie_Loader.release.xcconfig"; sourceTree = "<group>"; };
		E8F50587FB2E1CEEAD79137D /* Pods-Lottie_Loader.debug.xcconfig */ = {isa = PBXFileReference; includeInIndex = 1; lastKnownFileType = text.xcconfig; name = "Pods-Lottie_Loader.debug.xcconfig"; path = "Target Support Files/Pods-Lottie_Loader/Pods-Lottie_Loader.debug.xcconfig"; sourceTree = "<group>"; };
/* End PBXFileReference section */

/* Begin PBXFrameworksBuildPhase section */
		2E39217E251DE2BE00E79316 /* Frameworks */ = {
			isa = PBXFrameworksBuildPhase;
			buildActionMask = 2147483647;
			files = (
				8ECED8C6C07359F7545F4654 /* Pods_Lottie_Loader.framework in Frameworks */,
			);
			runOnlyForDeploymentPostprocessing = 0;
		};
/* End PBXFrameworksBuildPhase section */

/* Begin PBXGroup section */
		2E392178251DE2BE00E79316 = {
			isa = PBXGroup;
			children = (
				2E392183251DE2BE00E79316 /* Lottie_Loader */,
				2E392182251DE2BE00E79316 /* Products */,
				E0A325A07735E267718CF122 /* Pods */,
				E7A087AAB1CC25EC8CCABE5F /* Frameworks */,
			);
			sourceTree = "<group>";
		};
		2E392182251DE2BE00E79316 /* Products */ = {
			isa = PBXGroup;
			children = (
				2E392181251DE2BE00E79316 /* Lottie_Loader.app */,
			);
			name = Products;
			sourceTree = "<group>";
		};
		2E392183251DE2BE00E79316 /* Lottie_Loader */ = {
			isa = PBXGroup;
			children = (
				2E392184251DE2BE00E79316 /* AppDelegate.swift */,
				2E392186251DE2BE00E79316 /* SceneDelegate.swift */,
				2E392188251DE2BE00E79316 /* ViewController.swift */,
				2E392198251DE2CD00E79316 /* LottieLoader.swift */,
				2E39219A251DE2EA00E79316 /* beer_shake.json */,
				2E39218A251DE2BE00E79316 /* Main.storyboard */,
				2E39218D251DE2C100E79316 /* Assets.xcassets */,
				2E39218F251DE2C100E79316 /* LaunchScreen.storyboard */,
				2E392192251DE2C100E79316 /* Info.plist */,
			);
			path = Lottie_Loader;
			sourceTree = "<group>";
		};
		E0A325A07735E267718CF122 /* Pods */ = {
			isa = PBXGroup;
			children = (
				E8F50587FB2E1CEEAD79137D /* Pods-Lottie_Loader.debug.xcconfig */,
				936FEA0BC00FAA7A85AAE10C /* Pods-Lottie_Loader.release.xcconfig */,
			);
			path = Pods;
			sourceTree = "<group>";
		};
		E7A087AAB1CC25EC8CCABE5F /* Frameworks */ = {
			isa = PBXGroup;
			children = (
				4C692BE0DC45B063CDA1C6AB /* Pods_Lottie_Loader.framework */,
			);
			name = Frameworks;
			sourceTree = "<group>";
		};
/* End PBXGroup section */

/* Begin PBXNativeTarget section */
		2E392180251DE2BE00E79316 /* Lottie_Loader */ = {
			isa = PBXNativeTarget;
			buildConfigurationList = 2E392195251DE2C100E79316 /* Build configuration list for PBXNativeTarget "Lottie_Loader" */;
			buildPhases = (
				58954CB8B842A73E3009EB74 /* [CP] Check Pods Manifest.lock */,
				2E39217D251DE2BE00E79316 /* Sources */,
				2E39217E251DE2BE00E79316 /* Frameworks */,
				2E39217F251DE2BE00E79316 /* Resources */,
				461832A7EC661136D178F647 /* [CP] Embed Pods Frameworks */,
			);
			buildRules = (
			);
			dependencies = (
			);
			name = Lottie_Loader;
			productName = Lottie_Loader;
			productReference = 2E392181251DE2BE00E79316 /* Lottie_Loader.app */;
			productType = "com.apple.product-type.application";
		};
/* End PBXNativeTarget section */

/* Begin PBXProject section */
		2E392179251DE2BE00E79316 /* Project object */ = {
			isa = PBXProject;
			attributes = {
				LastSwiftUpdateCheck = 1160;
				LastUpgradeCheck = 1160;
				ORGANIZATIONNAME = "Kishan Ravindra";
				TargetAttributes = {
					2E392180251DE2BE00E79316 = {
						CreatedOnToolsVersion = 11.6;
					};
				};
			};
			buildConfigurationList = 2E39217C251DE2BE00E79316 /* Build configuration list for PBXProject "Lottie_Loader" */;
			compatibilityVersion = "Xcode 9.3";
			developmentRegion = en;
			hasScannedForEncodings = 0;
			knownRegions = (
				en,
				Base,
			);
			mainGroup = 2E392178251DE2BE00E79316;
			productRefGroup = 2E392182251DE2BE00E79316 /* Products */;
			projectDirPath = "";
			projectRoot = "";
			targets = (
				2E392180251DE2BE00E79316 /* Lottie_Loader */,
			);
		};
/* End PBXProject section */

/* Begin PBXResourcesBuildPhase section */
		2E39217F251DE2BE00E79316 /* Resources */ = {
			isa = PBXResourcesBuildPhase;
			buildActionMask = 2147483647;
			files = (
				2E39219B251DE2EA00E79316 /* beer_shake.json in Resources */,
				2E392191251DE2C100E79316 /* LaunchScreen.storyboard in Resources */,
				2E39218E251DE2C100E79316 /* Assets.xcassets in Resources */,
				2E39218C251DE2BE00E79316 /* Main.storyboard in Resources */,
			);
			runOnlyForDeploymentPostprocessing = 0;
		};
/* End PBXResourcesBuildPhase section */

/* Begin PBXShellScriptBuildPhase section */
		461832A7EC661136D178F647 /* [CP] Embed Pods Frameworks */ = {
			isa = PBXShellScriptBuildPhase;
			buildActionMask = 2147483647;
			files = (
			);
			inputFileListPaths = (
				"${PODS_ROOT}/Target Support Files/Pods-Lottie_Loader/Pods-Lottie_Loader-frameworks-${CONFIGURATION}-input-files.xcfilelist",
			);
			name = "[CP] Embed Pods Frameworks";
			outputFileListPaths = (
				"${PODS_ROOT}/Target Support Files/Pods-Lottie_Loader/Pods-Lottie_Loader-frameworks-${CONFIGURATION}-output-files.xcfilelist",
			);
			runOnlyForDeploymentPostprocessing = 0;
			shellPath = /bin/sh;
			shellScript = "\"${PODS_ROOT}/Target Support Files/Pods-Lottie_Loader/Pods-Lottie_Loader-frameworks.sh\"\n";
			showEnvVarsInLog = 0;
		};
		58954CB8B842A73E3009EB74 /* [CP] Check Pods Manifest.lock */ = {
			isa = PBXShellScriptBuildPhase;
			buildActionMask = 2147483647;
			files = (
			);
			inputFileListPaths = (
			);
			inputPaths = (
				"${PODS_PODFILE_DIR_PATH}/Podfile.lock",
				"${PODS_ROOT}/Manifest.lock",
			);
			name = "[CP] Check Pods Manifest.lock";
			outputFileListPaths = (
			);
			outputPaths = (
				"$(DERIVED_FILE_DIR)/Pods-Lottie_Loader-checkManifestLockResult.txt",
			);
			runOnlyForDeploymentPostprocessing = 0;
			shellPath = /bin/sh;
			shellScript = "diff \"${PODS_PODFILE_DIR_PATH}/Podfile.lock\" \"${PODS_ROOT}/Manifest.lock\" > /dev/null\nif [ $? != 0 ] ; then\n    # print error to STDERR\n    echo \"error: The sandbox is not in sync with the Podfile.lock. Run 'pod install' or update your CocoaPods installation.\" >&2\n    exit 1\nfi\n# This output is used by Xcode 'outputs' to avoid re-running this script phase.\necho \"SUCCESS\" > \"${SCRIPT_OUTPUT_FILE_0}\"\n";
			showEnvVarsInLog = 0;
		};
/* End PBXShellScriptBuildPhase section */

/* Begin PBXSourcesBuildPhase section */
		2E39217D251DE2BE00E79316 /* Sources */ = {
			isa = PBXSourcesBuildPhase;
			buildActionMask = 2147483647;
			files = (
				2E392189251DE2BE00E79316 /* ViewController.swift in Sources */,
				2E392199251DE2CD00E79316 /* LottieLoader.swift in Sources */,
				2E392185251DE2BE00E79316 /* AppDelegate.swift in Sources */,
				2E392187251DE2BE00E79316 /* SceneDelegate.swift in Sources */,
			);
			runOnlyForDeploymentPostprocessing = 0;
		};
/* End PBXSourcesBuildPhase section */

/* Begin PBXVariantGroup section */
		2E39218A251DE2BE00E79316 /* Main.storyboard */ = {
			isa = PBXVariantGroup;
			children = (
				2E39218B251DE2BE00E79316 /* Base */,
			);
			name = Main.storyboard;
			sourceTree = "<group>";
		};
		2E39218F251DE2C100E79316 /* LaunchScreen.storyboard */ = {
			isa = PBXVariantGroup;
			children = (
				2E392190251DE2C100E79316 /* Base */,
			);
			name = LaunchScreen.storyboard;
			sourceTree = "<group>";
		};
/* End PBXVariantGroup section */

/* Begin XCBuildConfiguration section */
		2E392193251DE2C100E79316 /* Debug */ = {
			isa = XCBuildConfiguration;
			buildSettings = {
				ALWAYS_SEARCH_USER_PATHS = NO;
				CLANG_ANALYZER_NONNULL = YES;
				CLANG_ANALYZER_NUMBER_OBJECT_CONVERSION = YES_AGGRESSIVE;
				CLANG_CXX_LANGUAGE_STANDARD = "gnu++14";
				CLANG_CXX_LIBRARY = "libc++";
				CLANG_ENABLE_MODULES = YES;
				CLANG_ENABLE_OBJC_ARC = YES;
				CLANG_ENABLE_OBJC_WEAK = YES;
				CLANG_WARN_BLOCK_CAPTURE_AUTORELEASING = YES;
				CLANG_WARN_BOOL_CONVERSION = YES;
				CLANG_WARN_COMMA = YES;
				CLANG_WARN_CONSTANT_CONVERSION = YES;
				CLANG_WARN_DEPRECATED_OBJC_IMPLEMENTATIONS = YES;
				CLANG_WARN_DIRECT_OBJC_ISA_USAGE = YES_ERROR;
				CLANG_WARN_DOCUMENTATION_COMMENTS = YES;
				CLANG_WARN_EMPTY_BODY = YES;
				CLANG_WARN_ENUM_CONVERSION = YES;
				CLANG_WARN_INFINITE_RECURSION = YES;
				CLANG_WARN_INT_CONVERSION = YES;
				CLANG_WARN_NON_LITERAL_NULL_CONVERSION = YES;
				CLANG_WARN_OBJC_IMPLICIT_RETAIN_SELF = YES;
				CLANG_WARN_OBJC_LITERAL_CONVERSION = YES;
				CLANG_WARN_OBJC_ROOT_CLASS = YES_ERROR;
				CLANG_WARN_RANGE_LOOP_ANALYSIS = YES;
				CLANG_WARN_STRICT_PROTOTYPES = YES;
				CLANG_WARN_SUSPICIOUS_MOVE = YES;
				CLANG_WARN_UNGUARDED_AVAILABILITY = YES_AGGRESSIVE;
				CLANG_WARN_UNREACHABLE_CODE = YES;
				CLANG_WARN__DUPLICATE_METHOD_MATCH = YES;
				COPY_PHASE_STRIP = NO;
				DEBUG_INFORMATION_FORMAT = dwarf;
				ENABLE_STRICT_OBJC_MSGSEND = YES;
				ENABLE_TESTABILITY = YES;
				GCC_C_LANGUAGE_STANDARD = gnu11;
				GCC_DYNAMIC_NO_PIC = NO;
				GCC_NO_COMMON_BLOCKS = YES;
				GCC_OPTIMIZATION_LEVEL = 0;
				GCC_PREPROCESSOR_DEFINITIONS = (
					"DEBUG=1",
					"$(inherited)",
				);
				GCC_WARN_64_TO_32_BIT_CONVERSION = YES;
				GCC_WARN_ABOUT_RETURN_TYPE = YES_ERROR;
				GCC_WARN_UNDECLARED_SELECTOR = YES;
				GCC_WARN_UNINITIALIZED_AUTOS = YES_AGGRESSIVE;
				GCC_WARN_UNUSED_FUNCTION = YES;
				GCC_WARN_UNUSED_VARIABLE = YES;
				IPHONEOS_DEPLOYMENT_TARGET = 13.6;
				MTL_ENABLE_DEBUG_INFO = INCLUDE_SOURCE;
				MTL_FAST_MATH = YES;
				ONLY_ACTIVE_ARCH = YES;
				SDKROOT = iphoneos;
				SWIFT_ACTIVE_COMPILATION_CONDITIONS = DEBUG;
				SWIFT_OPTIMIZATION_LEVEL = "-Onone";
			};
			name = Debug;
		};
		2E392194251DE2C100E79316 /* Release */ = {
			isa = XCBuildConfiguration;
			buildSettings = {
				ALWAYS_SEARCH_USER_PATHS = NO;
				CLANG_ANALYZER_NONNULL = YES;
				CLANG_ANALYZER_NUMBER_OBJECT_CONVERSION = YES_AGGRESSIVE;
				CLANG_CXX_LANGUAGE_STANDARD = "gnu++14";
				CLANG_CXX_LIBRARY = "libc++";
				CLANG_ENABLE_MODULES = YES;
				CLANG_ENABLE_OBJC_ARC = YES;
				CLANG_ENABLE_OBJC_WEAK = YES;
				CLANG_WARN_BLOCK_CAPTURE_AUTORELEASING = YES;
				CLANG_WARN_BOOL_CONVERSION = YES;
				CLANG_WARN_COMMA = YES;
				CLANG_WARN_CONSTANT_CONVERSION = YES;
				CLANG_WARN_DEPRECATED_OBJC_IMPLEMENTATIONS = YES;
				CLANG_WARN_DIRECT_OBJC_ISA_USAGE = YES_ERROR;
				CLANG_WARN_DOCUMENTATION_COMMENTS = YES;
				CLANG_WARN_EMPTY_BODY = YES;
				CLANG_WARN_ENUM_CONVERSION = YES;
				CLANG_WARN_INFINITE_RECURSION = YES;
				CLANG_WARN_INT_CONVERSION = YES;
				CLANG_WARN_NON_LITERAL_NULL_CONVERSION = YES;
				CLANG_WARN_OBJC_IMPLICIT_RETAIN_SELF = YES;
				CLANG_WARN_OBJC_LITERAL_CONVERSION = YES;
				CLANG_WARN_OBJC_ROOT_CLASS = YES_ERROR;
				CLANG_WARN_RANGE_LOOP_ANALYSIS = YES;
				CLANG_WARN_STRICT_PROTOTYPES = YES;
				CLANG_WARN_SUSPICIOUS_MOVE = YES;
				CLANG_WARN_UNGUARDED_AVAILABILITY = YES_AGGRESSIVE;
				CLANG_WARN_UNREACHABLE_CODE = YES;
				CLANG_WARN__DUPLICATE_METHOD_MATCH = YES;
				COPY_PHASE_STRIP = NO;
				DEBUG_INFORMATION_FORMAT = "dwarf-with-dsym";
				ENABLE_NS_ASSERTIONS = NO;
				ENABLE_STRICT_OBJC_MSGSEND = YES;
				GCC_C_LANGUAGE_STANDARD = gnu11;
				GCC_NO_COMMON_BLOCKS = YES;
				GCC_WARN_64_TO_32_BIT_CONVERSION = YES;
				GCC_WARN_ABOUT_RETURN_TYPE = YES_ERROR;
				GCC_WARN_UNDECLARED_SELECTOR = YES;
				GCC_WARN_UNINITIALIZED_AUTOS = YES_AGGRESSIVE;
				GCC_WARN_UNUSED_FUNCTION = YES;
				GCC_WARN_UNUSED_VARIABLE = YES;
				IPHONEOS_DEPLOYMENT_TARGET = 13.6;
				MTL_ENABLE_DEBUG_INFO = NO;
				MTL_FAST_MATH = YES;
				SDKROOT = iphoneos;
				SWIFT_COMPILATION_MODE = wholemodule;
				SWIFT_OPTIMIZATION_LEVEL = "-O";
				VALIDATE_PRODUCT = YES;
			};
			name = Release;
		};
		2E392196251DE2C100E79316 /* Debug */ = {
			isa = XCBuildConfiguration;
			baseConfigurationReference = E8F50587FB2E1CEEAD79137D /* Pods-Lottie_Loader.debug.xcconfig */;
			buildSettings = {
				ASSETCATALOG_COMPILER_APPICON_NAME = AppIcon;
				CODE_SIGN_STYLE = Automatic;
				DEVELOPMENT_TEAM = U3FXH8MRFQ;
				INFOPLIST_FILE = Lottie_Loader/Info.plist;
				LD_RUNPATH_SEARCH_PATHS = (
					"$(inherited)",
					"@executable_path/Frameworks",
				);
				PRODUCT_BUNDLE_IDENTIFIER = "com.qwinix..Lottie-Loader";
				PRODUCT_NAME = "$(TARGET_NAME)";
				SWIFT_VERSION = 5.0;
				TARGETED_DEVICE_FAMILY = "1,2";
			};
			name = Debug;
		};
		2E392197251DE2C100E79316 /* Release */ = {
			isa = XCBuildConfiguration;
			baseConfigurationReference = 936FEA0BC00FAA7A85AAE10C /* Pods-Lottie_Loader.release.xcconfig */;
			buildSettings = {
				ASSETCATALOG_COMPILER_APPICON_NAME = AppIcon;
				CODE_SIGN_STYLE = Automatic;
				DEVELOPMENT_TEAM = U3FXH8MRFQ;
				INFOPLIST_FILE = Lottie_Loader/Info.plist;
				LD_RUNPATH_SEARCH_PATHS = (
					"$(inherited)",
					"@executable_path/Frameworks",
				);
				PRODUCT_BUNDLE_IDENTIFIER = "com.qwinix..Lottie-Loader";
				PRODUCT_NAME = "$(TARGET_NAME)";
				SWIFT_VERSION = 5.0;
				TARGETED_DEVICE_FAMILY = "1,2";
			};
			name = Release;
		};
/* End XCBuildConfiguration section */

/* Begin XCConfigurationList section */
		2E39217C251DE2BE00E79316 /* Build configuration list for PBXProject "Lottie_Loader" */ = {
			isa = XCConfigurationList;
			buildConfigurations = (
				2E392193251DE2C100E79316 /* Debug */,
				2E392194251DE2C100E79316 /* Release */,
			);
			defaultConfigurationIsVisible = 0;
			defaultConfigurationName = Release;
		};
		2E392195251DE2C100E79316 /* Build configuration list for PBXNativeTarget "Lottie_Loader" */ = {
			isa = XCConfigurationList;
			buildConfigurations = (
				2E392196251DE2C100E79316 /* Debug */,
				2E392197251DE2C100E79316 /* Release */,
			);
			defaultConfigurationIsVisible = 0;
			defaultConfigurationName = Release;
		};
/* End XCConfigurationList section */
	};
	rootObject = 2E392179251DE2BE00E79316 /* Project object */;
}
